// !$*UTF8*$!
{
	archiveVersion = 1;
	classes = {
	};
	objectVersion = 56;
	objects = {

/* Begin PBXBuildFile section */
		602D69E5297378CB00581393 /* AppDelegate.swift in Sources */ = {isa = PBXBuildFile; fileRef = 602D69E4297378CB00581393 /* AppDelegate.swift */; };
		602D69E7297378CB00581393 /* SceneDelegate.swift in Sources */ = {isa = PBXBuildFile; fileRef = 602D69E6297378CB00581393 /* SceneDelegate.swift */; };
		602D69E9297378CB00581393 /* EventsViewController.swift in Sources */ = {isa = PBXBuildFile; fileRef = 602D69E8297378CB00581393 /* EventsViewController.swift */; };
		602D69EE297378CD00581393 /* Assets.xcassets in Resources */ = {isa = PBXBuildFile; fileRef = 602D69ED297378CD00581393 /* Assets.xcassets */; };
		602D69F1297378CD00581393 /* LaunchScreen.storyboard in Resources */ = {isa = PBXBuildFile; fileRef = 602D69EF297378CD00581393 /* LaunchScreen.storyboard */; };
		60AD011B297D39BA006A7F9F /* CGFloat+Extension.swift in Sources */ = {isa = PBXBuildFile; fileRef = 60AD011A297D39BA006A7F9F /* CGFloat+Extension.swift */; };
		60C930F12975667D004DD5F7 /* EventCell.swift in Sources */ = {isa = PBXBuildFile; fileRef = 60C930F02975667D004DD5F7 /* EventCell.swift */; };
		60C930F329757542004DD5F7 /* NetworkLayer.swift in Sources */ = {isa = PBXBuildFile; fileRef = 60C930F229757542004DD5F7 /* NetworkLayer.swift */; };
		60C930F52975757B004DD5F7 /* Event.swift in Sources */ = {isa = PBXBuildFile; fileRef = 60C930F42975757B004DD5F7 /* Event.swift */; };
		60C930FD2976C915004DD5F7 /* EventDetailViewController.swift in Sources */ = {isa = PBXBuildFile; fileRef = 60C930FC2976C915004DD5F7 /* EventDetailViewController.swift */; };
		60C930FF2976E8C1004DD5F7 /* ImageCollectionViewCell.swift in Sources */ = {isa = PBXBuildFile; fileRef = 60C930FE2976E8C1004DD5F7 /* ImageCollectionViewCell.swift */; };
/* End PBXBuildFile section */

/* Begin PBXFileReference section */
		602D69E1297378CB00581393 /* KudaGo.app */ = {isa = PBXFileReference; explicitFileType = wrapper.application; includeInIndex = 0; path = KudaGo.app; sourceTree = BUILT_PRODUCTS_DIR; };
		602D69E4297378CB00581393 /* AppDelegate.swift */ = {isa = PBXFileReference; lastKnownFileType = sourcecode.swift; path = AppDelegate.swift; sourceTree = "<group>"; };
		602D69E6297378CB00581393 /* SceneDelegate.swift */ = {isa = PBXFileReference; lastKnownFileType = sourcecode.swift; path = SceneDelegate.swift; sourceTree = "<group>"; };
		602D69E8297378CB00581393 /* EventsViewController.swift */ = {isa = PBXFileReference; lastKnownFileType = sourcecode.swift; path = EventsViewController.swift; sourceTree = "<group>"; };
		602D69ED297378CD00581393 /* Assets.xcassets */ = {isa = PBXFileReference; lastKnownFileType = folder.assetcatalog; path = Assets.xcassets; sourceTree = "<group>"; };
		602D69F0297378CD00581393 /* Base */ = {isa = PBXFileReference; lastKnownFileType = file.storyboard; name = Base; path = Base.lproj/LaunchScreen.storyboard; sourceTree = "<group>"; };
		602D69F2297378CD00581393 /* Info.plist */ = {isa = PBXFileReference; lastKnownFileType = text.plist.xml; path = Info.plist; sourceTree = "<group>"; };
		60AD011A297D39BA006A7F9F /* CGFloat+Extension.swift */ = {isa = PBXFileReference; fileEncoding = 4; lastKnownFileType = sourcecode.swift; path = "CGFloat+Extension.swift"; sourceTree = "<group>"; };
		60C930F02975667D004DD5F7 /* EventCell.swift */ = {isa = PBXFileReference; lastKnownFileType = sourcecode.swift; path = EventCell.swift; sourceTree = "<group>"; };
		60C930F229757542004DD5F7 /* NetworkLayer.swift */ = {isa = PBXFileReference; lastKnownFileType = sourcecode.swift; path = NetworkLayer.swift; sourceTree = "<group>"; };
		60C930F42975757B004DD5F7 /* Event.swift */ = {isa = PBXFileReference; lastKnownFileType = sourcecode.swift; path = Event.swift; sourceTree = "<group>"; };
		60C930FC2976C915004DD5F7 /* EventDetailViewController.swift */ = {isa = PBXFileReference; lastKnownFileType = sourcecode.swift; path = EventDetailViewController.swift; sourceTree = "<group>"; };
		60C930FE2976E8C1004DD5F7 /* ImageCollectionViewCell.swift */ = {isa = PBXFileReference; lastKnownFileType = sourcecode.swift; path = ImageCollectionViewCell.swift; sourceTree = "<group>"; };
/* End PBXFileReference section */

/* Begin PBXFrameworksBuildPhase section */
		602D69DE297378CB00581393 /* Frameworks */ = {
			isa = PBXFrameworksBuildPhase;
			buildActionMask = 2147483647;
			files = (
			);
			runOnlyForDeploymentPostprocessing = 0;
		};
/* End PBXFrameworksBuildPhase section */

/* Begin PBXGroup section */
		602D69D8297378CB00581393 = {
			isa = PBXGroup;
			children = (
				602D69E3297378CB00581393 /* KudaGo */,
				602D69E2297378CB00581393 /* Products */,
			);
			sourceTree = "<group>";
		};
		602D69E2297378CB00581393 /* Products */ = {
			isa = PBXGroup;
			children = (
				602D69E1297378CB00581393 /* KudaGo.app */,
			);
			name = Products;
			sourceTree = "<group>";
		};
		602D69E3297378CB00581393 /* KudaGo */ = {
			isa = PBXGroup;
			children = (
				60C930F62975C392004DD5F7 /* Application */,
				60C930F82975C3B7004DD5F7 /* Cell */,
				60C931202977611A004DD5F7 /* Extension */,
				60C930F92975C3C8004DD5F7 /* Model */,
				60C930FA2975C3E9004DD5F7 /* Network */,
				60C930F72975C3A2004DD5F7 /* ViewController */,
				60C930FB2975C40E004DD5F7 /* Resource */,
			);
			path = KudaGo;
			sourceTree = "<group>";
		};
		60C930F62975C392004DD5F7 /* Application */ = {
			isa = PBXGroup;
			children = (
				602D69E4297378CB00581393 /* AppDelegate.swift */,
				602D69E6297378CB00581393 /* SceneDelegate.swift */,
			);
			path = Application;
			sourceTree = "<group>";
		};
		60C930F72975C3A2004DD5F7 /* ViewController */ = {
			isa = PBXGroup;
			children = (
				602D69E8297378CB00581393 /* EventsViewController.swift */,
				60C930FC2976C915004DD5F7 /* EventDetailViewController.swift */,
			);
			path = ViewController;
			sourceTree = "<group>";
		};
		60C930F82975C3B7004DD5F7 /* Cell */ = {
			isa = PBXGroup;
			children = (
				60C930F02975667D004DD5F7 /* EventCell.swift */,
				60C930FE2976E8C1004DD5F7 /* ImageCollectionViewCell.swift */,
			);
			path = Cell;
			sourceTree = "<group>";
		};
		60C930F92975C3C8004DD5F7 /* Model */ = {
			isa = PBXGroup;
			children = (
				60C930F42975757B004DD5F7 /* Event.swift */,
			);
			path = Model;
			sourceTree = "<group>";
		};
		60C930FA2975C3E9004DD5F7 /* Network */ = {
			isa = PBXGroup;
			children = (
				60C930F229757542004DD5F7 /* NetworkLayer.swift */,
			);
			path = Network;
			sourceTree = "<group>";
		};
		60C930FB2975C40E004DD5F7 /* Resource */ = {
			isa = PBXGroup;
			children = (
				602D69ED297378CD00581393 /* Assets.xcassets */,
				602D69EF297378CD00581393 /* LaunchScreen.storyboard */,
				602D69F2297378CD00581393 /* Info.plist */,
			);
			path = Resource;
			sourceTree = "<group>";
		};
		60C931202977611A004DD5F7 /* Extension */ = {
			isa = PBXGroup;
			children = (
				60AD011A297D39BA006A7F9F /* CGFloat+Extension.swift */,
			);
			path = Extension;
			sourceTree = "<group>";
		};
/* End PBXGroup section */

/* Begin PBXNativeTarget section */
		602D69E0297378CB00581393 /* KudaGo */ = {
			isa = PBXNativeTarget;
			buildConfigurationList = 602D69F5297378CD00581393 /* Build configuration list for PBXNativeTarget "KudaGo" */;
			buildPhases = (
				602D69DD297378CB00581393 /* Sources */,
				602D69DE297378CB00581393 /* Frameworks */,
				602D69DF297378CB00581393 /* Resources */,
			);
			buildRules = (
			);
			dependencies = (
			);
			name = KudaGo;
			productName = KudaGo;
			productReference = 602D69E1297378CB00581393 /* KudaGo.app */;
			productType = "com.apple.product-type.application";
		};
/* End PBXNativeTarget section */

/* Begin PBXProject section */
		602D69D9297378CB00581393 /* Project object */ = {
			isa = PBXProject;
			attributes = {
				BuildIndependentTargetsInParallel = 1;
				LastSwiftUpdateCheck = 1410;
				LastUpgradeCheck = 1410;
				TargetAttributes = {
					602D69E0297378CB00581393 = {
						CreatedOnToolsVersion = 14.1;
					};
				};
			};
			buildConfigurationList = 602D69DC297378CB00581393 /* Build configuration list for PBXProject "KudaGo" */;
			compatibilityVersion = "Xcode 14.0";
			developmentRegion = en;
			hasScannedForEncodings = 0;
			knownRegions = (
				en,
				Base,
			);
			mainGroup = 602D69D8297378CB00581393;
			productRefGroup = 602D69E2297378CB00581393 /* Products */;
			projectDirPath = "";
			projectRoot = "";
			targets = (
				602D69E0297378CB00581393 /* KudaGo */,
			);
		};
/* End PBXProject section */

/* Begin PBXResourcesBuildPhase section */
		602D69DF297378CB00581393 /* Resources */ = {
			isa = PBXResourcesBuildPhase;
			buildActionMask = 2147483647;
			files = (
				602D69F1297378CD00581393 /* LaunchScreen.storyboard in Resources */,
				602D69EE297378CD00581393 /* Assets.xcassets in Resources */,
			);
			runOnlyForDeploymentPostprocessing = 0;
		};
/* End PBXResourcesBuildPhase section */

/* Begin PBXSourcesBuildPhase section */
		602D69DD297378CB00581393 /* Sources */ = {
			isa = PBXSourcesBuildPhase;
			buildActionMask = 2147483647;
			files = (
				602D69E9297378CB00581393 /* EventsViewController.swift in Sources */,
				60C930F12975667D004DD5F7 /* EventCell.swift in Sources */,
				60C930FF2976E8C1004DD5F7 /* ImageCollectionViewCell.swift in Sources */,
				602D69E5297378CB00581393 /* AppDelegate.swift in Sources */,
				60AD011B297D39BA006A7F9F /* CGFloat+Extension.swift in Sources */,
				60C930F329757542004DD5F7 /* NetworkLayer.swift in Sources */,
				60C930F52975757B004DD5F7 /* Event.swift in Sources */,
				60C930FD2976C915004DD5F7 /* EventDetailViewController.swift in Sources */,
				602D69E7297378CB00581393 /* SceneDelegate.swift in Sources */,
			);
			runOnlyForDeploymentPostprocessing = 0;
		};
/* End PBXSourcesBuildPhase section */

/* Begin PBXVariantGroup section */
		602D69EF297378CD00581393 /* LaunchScreen.storyboard */ = {
			isa = PBXVariantGroup;
			children = (
				602D69F0297378CD00581393 /* Base */,
			);
			name = LaunchScreen.storyboard;
			sourceTree = "<group>";
		};
/* End PBXVariantGroup section */

/* Begin XCBuildConfiguration section */
		602D69F3297378CD00581393 /* Debug */ = {
			isa = XCBuildConfiguration;
			buildSettings = {
				ALWAYS_SEARCH_USER_PATHS = NO;
				CLANG_ANALYZER_NONNULL = YES;
				CLANG_ANALYZER_NUMBER_OBJECT_CONVERSION = YES_AGGRESSIVE;
				CLANG_CXX_LANGUAGE_STANDARD = "gnu++20";
				CLANG_ENABLE_MODULES = YES;
				CLANG_ENABLE_OBJC_ARC = YES;
				CLANG_ENABLE_OBJC_WEAK = YES;
				CLANG_WARN_BLOCK_CAPTURE_AUTORELEASING = YES;
				CLANG_WARN_BOOL_CONVERSION = YES;
				CLANG_WARN_COMMA = YES;
				CLANG_WARN_CONSTANT_CONVERSION = YES;
				CLANG_WARN_DEPRECATED_OBJC_IMPLEMENTATIONS = YES;
				CLANG_WARN_DIRECT_OBJC_ISA_USAGE = YES_ERROR;
				CLANG_WARN_DOCUMENTATION_COMMENTS = YES;
				CLANG_WARN_EMPTY_BODY = YES;
				CLANG_WARN_ENUM_CONVERSION = YES;
				CLANG_WARN_INFINITE_RECURSION = YES;
				CLANG_WARN_INT_CONVERSION = YES;
				CLANG_WARN_NON_LITERAL_NULL_CONVERSION = YES;
				CLANG_WARN_OBJC_IMPLICIT_RETAIN_SELF = YES;
				CLANG_WARN_OBJC_LITERAL_CONVERSION = YES;
				CLANG_WARN_OBJC_ROOT_CLASS = YES_ERROR;
				CLANG_WARN_QUOTED_INCLUDE_IN_FRAMEWORK_HEADER = YES;
				CLANG_WARN_RANGE_LOOP_ANALYSIS = YES;
				CLANG_WARN_STRICT_PROTOTYPES = YES;
				CLANG_WARN_SUSPICIOUS_MOVE = YES;
				CLANG_WARN_UNGUARDED_AVAILABILITY = YES_AGGRESSIVE;
				CLANG_WARN_UNREACHABLE_CODE = YES;
				CLANG_WARN__DUPLICATE_METHOD_MATCH = YES;
				COPY_PHASE_STRIP = NO;
				DEBUG_INFORMATION_FORMAT = dwarf;
				ENABLE_STRICT_OBJC_MSGSEND = YES;
				ENABLE_TESTABILITY = YES;
				GCC_C_LANGUAGE_STANDARD = gnu11;
				GCC_DYNAMIC_NO_PIC = NO;
				GCC_NO_COMMON_BLOCKS = YES;
				GCC_OPTIMIZATION_LEVEL = 0;
				GCC_PREPROCESSOR_DEFINITIONS = (
					"DEBUG=1",
					"$(inherited)",
				);
				GCC_WARN_64_TO_32_BIT_CONVERSION = YES;
				GCC_WARN_ABOUT_RETURN_TYPE = YES_ERROR;
				GCC_WARN_UNDECLARED_SELECTOR = YES;
				GCC_WARN_UNINITIALIZED_AUTOS = YES_AGGRESSIVE;
				GCC_WARN_UNUSED_FUNCTION = YES;
				GCC_WARN_UNUSED_VARIABLE = YES;
				IPHONEOS_DEPLOYMENT_TARGET = 16.1;
				MTL_ENABLE_DEBUG_INFO = INCLUDE_SOURCE;
				MTL_FAST_MATH = YES;
				ONLY_ACTIVE_ARCH = YES;
				SDKROOT = iphoneos;
				SWIFT_ACTIVE_COMPILATION_CONDITIONS = DEBUG;
				SWIFT_OPTIMIZATION_LEVEL = "-Onone";
			};
			name = Debug;
		};
		602D69F4297378CD00581393 /* Release */ = {
			isa = XCBuildConfiguration;
			buildSettings = {
				ALWAYS_SEARCH_USER_PATHS = NO;
				CLANG_ANALYZER_NONNULL = YES;
				CLANG_ANALYZER_NUMBER_OBJECT_CONVERSION = YES_AGGRESSIVE;
				CLANG_CXX_LANGUAGE_STANDARD = "gnu++20";
				CLANG_ENABLE_MODULES = YES;
				CLANG_ENABLE_OBJC_ARC = YES;
				CLANG_ENABLE_OBJC_WEAK = YES;
				CLANG_WARN_BLOCK_CAPTURE_AUTORELEASING = YES;
				CLANG_WARN_BOOL_CONVERSION = YES;
				CLANG_WARN_COMMA = YES;
				CLANG_WARN_CONSTANT_CONVERSION = YES;
				CLANG_WARN_DEPRECATED_OBJC_IMPLEMENTATIONS = YES;
				CLANG_WARN_DIRECT_OBJC_ISA_USAGE = YES_ERROR;
				CLANG_WARN_DOCUMENTATION_COMMENTS = YES;
				CLANG_WARN_EMPTY_BODY = YES;
				CLANG_WARN_ENUM_CONVERSION = YES;
				CLANG_WARN_INFINITE_RECURSION = YES;
				CLANG_WARN_INT_CONVERSION = YES;
				CLANG_WARN_NON_LITERAL_NULL_CONVERSION = YES;
				CLANG_WARN_OBJC_IMPLICIT_RETAIN_SELF = YES;
				CLANG_WARN_OBJC_LITERAL_CONVERSION = YES;
				CLANG_WARN_OBJC_ROOT_CLASS = YES_ERROR;
				CLANG_WARN_QUOTED_INCLUDE_IN_FRAMEWORK_HEADER = YES;
				CLANG_WARN_RANGE_LOOP_ANALYSIS = YES;
				CLANG_WARN_STRICT_PROTOTYPES = YES;
				CLANG_WARN_SUSPICIOUS_MOVE = YES;
				CLANG_WARN_UNGUARDED_AVAILABILITY = YES_AGGRESSIVE;
				CLANG_WARN_UNREACHABLE_CODE = YES;
				CLANG_WARN__DUPLICATE_METHOD_MATCH = YES;
				COPY_PHASE_STRIP = NO;
				DEBUG_INFORMATION_FORMAT = "dwarf-with-dsym";
				ENABLE_NS_ASSERTIONS = NO;
				ENABLE_STRICT_OBJC_MSGSEND = YES;
				GCC_C_LANGUAGE_STANDARD = gnu11;
				GCC_NO_COMMON_BLOCKS = YES;
				GCC_WARN_64_TO_32_BIT_CONVERSION = YES;
				GCC_WARN_ABOUT_RETURN_TYPE = YES_ERROR;
				GCC_WARN_UNDECLARED_SELECTOR = YES;
				GCC_WARN_UNINITIALIZED_AUTOS = YES_AGGRESSIVE;
				GCC_WARN_UNUSED_FUNCTION = YES;
				GCC_WARN_UNUSED_VARIABLE = YES;
				IPHONEOS_DEPLOYMENT_TARGET = 16.1;
				MTL_ENABLE_DEBUG_INFO = NO;
				MTL_FAST_MATH = YES;
				SDKROOT = iphoneos;
				SWIFT_COMPILATION_MODE = wholemodule;
				SWIFT_OPTIMIZATION_LEVEL = "-O";
				VALIDATE_PRODUCT = YES;
			};
			name = Release;
		};
		602D69F6297378CD00581393 /* Debug */ = {
			isa = XCBuildConfiguration;
			buildSettings = {
				ASSETCATALOG_COMPILER_APPICON_NAME = AppIcon;
				ASSETCATALOG_COMPILER_GLOBAL_ACCENT_COLOR_NAME = AccentColor;
				CODE_SIGN_STYLE = Automatic;
				CURRENT_PROJECT_VERSION = 1;
				DEVELOPMENT_TEAM = TVNB4R4JHD;
				GENERATE_INFOPLIST_FILE = YES;
				INFOPLIST_FILE = KudaGo/Resource/Info.plist;
				INFOPLIST_KEY_UIApplicationSupportsIndirectInputEvents = YES;
				INFOPLIST_KEY_UILaunchStoryboardName = LaunchScreen;
				INFOPLIST_KEY_UISupportedInterfaceOrientations_iPad = "UIInterfaceOrientationPortrait UIInterfaceOrientationPortraitUpsideDown UIInterfaceOrientationLandscapeLeft UIInterfaceOrientationLandscapeRight";
				INFOPLIST_KEY_UISupportedInterfaceOrientations_iPhone = "UIInterfaceOrientationPortrait UIInterfaceOrientationLandscapeLeft UIInterfaceOrientationLandscapeRight";
				IPHONEOS_DEPLOYMENT_TARGET = 14.0;
				LD_RUNPATH_SEARCH_PATHS = (
					"$(inherited)",
					"@executable_path/Frameworks",
				);
				MARKETING_VERSION = 1.0;
				PRODUCT_BUNDLE_IDENTIFIER = com.nikolayignatov.KudaGo;
				PRODUCT_NAME = "$(TARGET_NAME)";
				SUPPORTED_PLATFORMS = "iphoneos iphonesimulator";
				SUPPORTS_MACCATALYST = NO;
				SUPPORTS_MAC_DESIGNED_FOR_IPHONE_IPAD = NO;
				SWIFT_EMIT_LOC_STRINGS = YES;
				SWIFT_VERSION = 5.0;
				TARGETED_DEVICE_FAMILY = 1;
			};
			name = Debug;
		};
		602D69F7297378CD00581393 /* Release */ = {
			isa = XCBuildConfiguration;
			buildSettings = {
				ASSETCATALOG_COMPILER_APPICON_NAME = AppIcon;
				ASSETCATALOG_COMPILER_GLOBAL_ACCENT_COLOR_NAME = AccentColor;
				CODE_SIGN_STYLE = Automatic;
				CURRENT_PROJECT_VERSION = 1;
				DEVELOPMENT_TEAM = TVNB4R4JHD;
				GENERATE_INFOPLIST_FILE = YES;
				INFOPLIST_FILE = KudaGo/Resource/Info.plist;
				INFOPLIST_KEY_UIApplicationSupportsIndirectInputEvents = YES;
				INFOPLIST_KEY_UILaunchStoryboardName = LaunchScreen;
				INFOPLIST_KEY_UISupportedInterfaceOrientations_iPad = "UIInterfaceOrientationPortrait UIInterfaceOrientationPortraitUpsideDown UIInterfaceOrientationLandscapeLeft UIInterfaceOrientationLandscapeRight";
				INFOPLIST_KEY_UISupportedInterfaceOrientations_iPhone = "UIInterfaceOrientationPortrait UIInterfaceOrientationLandscapeLeft UIInterfaceOrientationLandscapeRight";
				IPHONEOS_DEPLOYMENT_TARGET = 14.0;
				LD_RUNPATH_SEARCH_PATHS = (
					"$(inherited)",
					"@executable_path/Frameworks",
				);
				MARKETING_VERSION = 1.0;
				PRODUCT_BUNDLE_IDENTIFIER = com.nikolayignatov.KudaGo;
				PRODUCT_NAME = "$(TARGET_NAME)";
				SUPPORTED_PLATFORMS = "iphoneos iphonesimulator";
				SUPPORTS_MACCATALYST = NO;
				SUPPORTS_MAC_DESIGNED_FOR_IPHONE_IPAD = NO;
				SWIFT_EMIT_LOC_STRINGS = YES;
				SWIFT_VERSION = 5.0;
				TARGETED_DEVICE_FAMILY = 1;
			};
			name = Release;
		};
/* End XCBuildConfiguration section */

/* Begin XCConfigurationList section */
		602D69DC297378CB00581393 /* Build configuration list for PBXProject "KudaGo" */ = {
			isa = XCConfigurationList;
			buildConfigurations = (
				602D69F3297378CD00581393 /* Debug */,
				602D69F4297378CD00581393 /* Release */,
			);
			defaultConfigurationIsVisible = 0;
			defaultConfigurationName = Release;
		};
		602D69F5297378CD00581393 /* Build configuration list for PBXNativeTarget "KudaGo" */ = {
			isa = XCConfigurationList;
			buildConfigurations = (
				602D69F6297378CD00581393 /* Debug */,
				602D69F7297378CD00581393 /* Release */,
			);
			defaultConfigurationIsVisible = 0;
			defaultConfigurationName = Release;
		};
/* End XCConfigurationList section */
	};
	rootObject = 602D69D9297378CB00581393 /* Project object */;
}
